
Microsoft Visual Studio Solution File, Format Version 12.00
# Visual Studio 2013
VisualStudioVersion = 12.0.31101.0
MinimumVisualStudioVersion = 10.0.40219.1
Project("{FAE04EC0-301F-11D3-BF4B-00C04F79EFBC}") = "CrimeDataWebApi", "CrimeDataWebApi\CrimeDataWebApi.csproj", "{1C944A82-AADE-43EE-B489-13D97D49582E}"
EndProject
Project("{2150E333-8FDC-42A3-9474-1A3956D46DE8}") = "PublishScripts", "PublishScripts", "{FE3697E0-194B-4AFE-8CB9-72D0C0AC9616}"
	ProjectSection(SolutionItems) = preProject
		PublishScripts\AzureWebsitePublishModule.psm1 = PublishScripts\AzureWebsitePublishModule.psm1
		PublishScripts\Publish-WebApplicationWebsite.ps1 = PublishScripts\Publish-WebApplicationWebsite.ps1
	EndProjectSection
EndProject
Project("{2150E333-8FDC-42A3-9474-1A3956D46DE8}") = "Configurations", "Configurations", "{DA0D1465-077C-4DA9-8A6E-79CB46E0BF80}"
	ProjectSection(SolutionItems) = preProject
		PublishScripts\Configurations\CrimeDataWebApi-WAWS-dev.json = PublishScripts\Configurations\CrimeDataWebApi-WAWS-dev.json
	EndProjectSection
EndProject
Project("{2150E333-8FDC-42A3-9474-1A3956D46DE8}") = ".nuget", ".nuget", "{A7E17FBA-86B6-462D-84C7-D008AD542AD1}"
	ProjectSection(SolutionItems) = preProject
		.nuget\packages.config = .nuget\packages.config
	EndProjectSection
EndProject
Project("{2150E333-8FDC-42A3-9474-1A3956D46DE8}") = "Solution Items", "Solution Items", "{5042886D-FAB8-411A-A52E-E54EF33BF39A}"
EndProject
Global
	GlobalSection(SolutionConfigurationPlatforms) = preSolution
		Debug|Any CPU = Debug|Any CPU
		Release|Any CPU = Release|Any CPU
	EndGlobalSection
	GlobalSection(ProjectConfigurationPlatforms) = postSolution
		{1C944A82-AADE-43EE-B489-13D97D49582E}.Debug|Any CPU.ActiveCfg = Debug|Any CPU
		{1C944A82-AADE-43EE-B489-13D97D49582E}.Debug|Any CPU.Build.0 = Debug|Any CPU
		{1C944A82-AADE-43EE-B489-13D97D49582E}.Release|Any CPU.ActiveCfg = Release|Any CPU
		{1C944A82-AADE-43EE-B489-13D97D49582E}.Release|Any CPU.Build.0 = Release|Any CPU
	EndGlobalSection
	GlobalSection(SolutionProperties) = preSolution
		HideSolutionNode = FALSE
	EndGlobalSection
	GlobalSection(NestedProjects) = preSolution
		{DA0D1465-077C-4DA9-8A6E-79CB46E0BF80} = {FE3697E0-194B-4AFE-8CB9-72D0C0AC9616}
	EndGlobalSection
EndGlobal
